
Microsoft Visual Studio Solution File, Format Version 12.00
# Visual Studio Version 17
VisualStudioVersion = 17.2.32630.192
MinimumVisualStudioVersion = 10.0.40219.1
Project("{9A19103F-16F7-4668-BE54-9A1E7A4F7556}") = "AnnotationsSampleApp", "sample\AnnotationsSampleApp.csproj", "{B418D73A-9AB9-443C-8C85-800BF41F453A}"
EndProject
Project("{9A19103F-16F7-4668-BE54-9A1E7A4F7556}") = "ComponentModel.Annotations.Tests", "tests\ComponentModel.Annotations.Tests.csproj", "{C18DA3B9-D0EE-4DE0-A8F0-192B130269EB}"
EndProject
Project("{9A19103F-16F7-4668-BE54-9A1E7A4F7556}") = "ComponentModel.Annotations", "src\ComponentModel.Annotations.csproj", "{1311DAF4-F9A6-4BAD-AB13-8F2A4A7552BE}"
EndProject
Global
	GlobalSection(SolutionConfigurationPlatforms) = preSolution
		Debug|Any CPU = Debug|Any CPU
		Release|Any CPU = Release|Any CPU
	EndGlobalSection
	GlobalSection(ProjectConfigurationPlatforms) = postSolution
		{B418D73A-9AB9-443C-8C85-800BF41F453A}.Debug|Any CPU.ActiveCfg = Debug|Any CPU
		{B418D73A-9AB9-443C-8C85-800BF41F453A}.Debug|Any CPU.Build.0 = Debug|Any CPU
		{B418D73A-9AB9-443C-8C85-800BF41F453A}.Release|Any CPU.ActiveCfg = Release|Any CPU
		{B418D73A-9AB9-443C-8C85-800BF41F453A}.Release|Any CPU.Build.0 = Release|Any CPU
		{C18DA3B9-D0EE-4DE0-A8F0-192B130269EB}.Debug|Any CPU.ActiveCfg = Debug|Any CPU
		{C18DA3B9-D0EE-4DE0-A8F0-192B130269EB}.Debug|Any CPU.Build.0 = Debug|Any CPU
		{C18DA3B9-D0EE-4DE0-A8F0-192B130269EB}.Release|Any CPU.ActiveCfg = Release|Any CPU
		{C18DA3B9-D0EE-4DE0-A8F0-192B130269EB}.Release|Any CPU.Build.0 = Release|Any CPU
		{1311DAF4-F9A6-4BAD-AB13-8F2A4A7552BE}.Debug|Any CPU.ActiveCfg = Debug|Any CPU
		{1311DAF4-F9A6-4BAD-AB13-8F2A4A7552BE}.Debug|Any CPU.Build.0 = Debug|Any CPU
		{1311DAF4-F9A6-4BAD-AB13-8F2A4A7552BE}.Release|Any CPU.ActiveCfg = Release|Any CPU
		{1311DAF4-F9A6-4BAD-AB13-8F2A4A7552BE}.Release|Any CPU.Build.0 = Release|Any CPU
	EndGlobalSection
	GlobalSection(SolutionProperties) = preSolution
		HideSolutionNode = FALSE
	EndGlobalSection
	GlobalSection(ExtensibilityGlobals) = postSolution
		SolutionGuid = {A451E6E7-2F45-4B02-810E-89D9F55CD0DB}
	EndGlobalSection
EndGlobal
